
Microsoft Visual Studio Solution File, Format Version 12.00
# Visual Studio Version 16
VisualStudioVersion = 16.0.32228.343
MinimumVisualStudioVersion = 10.0.40219.1
Project("{FAE04EC0-301F-11D3-BF4B-00C04F79EFBC}") = "Ember", "Ember\Ember.csproj", "{564C5D90-F142-4024-961A-CF7CB07E9F2F}"
EndProject
Global
	GlobalSection(SolutionConfigurationPlatforms) = preSolution
		Debug|Any CPU = Debug|Any CPU
		Release|Any CPU = Release|Any CPU
	EndGlobalSection
	GlobalSection(ProjectConfigurationPlatforms) = postSolution
		{564C5D90-F142-4024-961A-CF7CB07E9F2F}.Debug|Any CPU.ActiveCfg = Debug|Any CPU
		{564C5D90-F142-4024-961A-CF7CB07E9F2F}.Debug|Any CPU.Build.0 = Debug|Any CPU
		{564C5D90-F142-4024-961A-CF7CB07E9F2F}.Release|Any CPU.ActiveCfg = Release|Any CPU
		{564C5D90-F142-4024-961A-CF7CB07E9F2F}.Release|Any CPU.Build.0 = Release|Any CPU
	EndGlobalSection
	GlobalSection(SolutionProperties) = preSolution
		HideSolutionNode = FALSE
	EndGlobalSection
	GlobalSection(ExtensibilityGlobals) = postSolution
		SolutionGuid = {47ABA2D4-3BAB-4A3F-B435-71528FA29BBB}
	EndGlobalSection
EndGlobal
